
Microsoft Visual Studio Solution File, Format Version 12.00
# Visual Studio Version 17
VisualStudioVersion = 17.2.32630.192
MinimumVisualStudioVersion = 10.0.40219.1
Project("{FAE04EC0-301F-11D3-BF4B-00C04F79EFBC}") = "Loto", "Loto\Loto.csproj", "{6AE341D7-3A3F-40E9-B8C9-7429E67B6EB8}"
EndProject
Project("{54435603-DBB4-11D2-8724-00A0C9A8B90C}") = "LotofacilSetup", "LotofacilSetup\LotofacilSetup.vdproj", "{86A1C753-056B-4D8C-842B-E70829DEC751}"
EndProject
Global
	GlobalSection(SolutionConfigurationPlatforms) = preSolution
		Debug|Any CPU = Debug|Any CPU
		Release|Any CPU = Release|Any CPU
	EndGlobalSection
	GlobalSection(ProjectConfigurationPlatforms) = postSolution
		{6AE341D7-3A3F-40E9-B8C9-7429E67B6EB8}.Debug|Any CPU.ActiveCfg = Debug|Any CPU
		{6AE341D7-3A3F-40E9-B8C9-7429E67B6EB8}.Debug|Any CPU.Build.0 = Debug|Any CPU
		{6AE341D7-3A3F-40E9-B8C9-7429E67B6EB8}.Release|Any CPU.ActiveCfg = Release|Any CPU
		{6AE341D7-3A3F-40E9-B8C9-7429E67B6EB8}.Release|Any CPU.Build.0 = Release|Any CPU
		{86A1C753-056B-4D8C-842B-E70829DEC751}.Debug|Any CPU.ActiveCfg = Debug
		{86A1C753-056B-4D8C-842B-E70829DEC751}.Release|Any CPU.ActiveCfg = Release
	EndGlobalSection
	GlobalSection(SolutionProperties) = preSolution
		HideSolutionNode = FALSE
	EndGlobalSection
	GlobalSection(ExtensibilityGlobals) = postSolution
		SolutionGuid = {FE56B431-FEE0-425B-80F6-BEB358A6B61B}
	EndGlobalSection
EndGlobal
